
Microsoft Visual Studio Solution File, Format Version 12.00
# Visual Studio 15
VisualStudioVersion = 15.0.28010.2036
MinimumVisualStudioVersion = 10.0.40219.1
Project("{FAE04EC0-301F-11D3-BF4B-00C04F79EFBC}") = "NMCT.IoTCloud. MyFirstServices", "NMCT.IoTCloud. MyFirstServices\NMCT.IoTCloud. MyFirstServices.csproj", "{BC312D9A-DF87-446F-8377-8B5123D7228F}"
EndProject
Global
	GlobalSection(SolutionConfigurationPlatforms) = preSolution
		Debug|Any CPU = Debug|Any CPU
		Release|Any CPU = Release|Any CPU
	EndGlobalSection
	GlobalSection(ProjectConfigurationPlatforms) = postSolution
		{BC312D9A-DF87-446F-8377-8B5123D7228F}.Debug|Any CPU.ActiveCfg = Debug|Any CPU
		{BC312D9A-DF87-446F-8377-8B5123D7228F}.Debug|Any CPU.Build.0 = Debug|Any CPU
		{BC312D9A-DF87-446F-8377-8B5123D7228F}.Release|Any CPU.ActiveCfg = Release|Any CPU
		{BC312D9A-DF87-446F-8377-8B5123D7228F}.Release|Any CPU.Build.0 = Release|Any CPU
	EndGlobalSection
	GlobalSection(SolutionProperties) = preSolution
		HideSolutionNode = FALSE
	EndGlobalSection
	GlobalSection(ExtensibilityGlobals) = postSolution
		SolutionGuid = {26C453B7-23B8-4976-9676-8BAB04F6AB4F}
	EndGlobalSection
EndGlobal
